
Microsoft Visual Studio Solution File, Format Version 12.00
# Visual Studio Version 16
VisualStudioVersion = 16.0.30611.23
MinimumVisualStudioVersion = 10.0.40219.1
Project("{FAE04EC0-301F-11D3-BF4B-00C04F79EFBC}") = "CharlieWpfControl", "CharlieWpfControl\CharlieWpfControl\CharlieWpfControl.csproj", "{A98508E9-7575-454A-8E6F-2550F3EA7DE4}"
EndProject
Project("{FAE04EC0-301F-11D3-BF4B-00C04F79EFBC}") = "WpfCustomControlLibraryTest", "CharlieWpfControlTest\WpfCustomControlLibraryTest.csproj", "{896571D9-254F-4CFA-B525-7140B12140AB}"
EndProject
Global
	GlobalSection(SolutionConfigurationPlatforms) = preSolution
		Debug|Any CPU = Debug|Any CPU
		Release|Any CPU = Release|Any CPU
	EndGlobalSection
	GlobalSection(ProjectConfigurationPlatforms) = postSolution
		{A98508E9-7575-454A-8E6F-2550F3EA7DE4}.Debug|Any CPU.ActiveCfg = Debug|Any CPU
		{A98508E9-7575-454A-8E6F-2550F3EA7DE4}.Debug|Any CPU.Build.0 = Debug|Any CPU
		{A98508E9-7575-454A-8E6F-2550F3EA7DE4}.Release|Any CPU.ActiveCfg = Release|Any CPU
		{A98508E9-7575-454A-8E6F-2550F3EA7DE4}.Release|Any CPU.Build.0 = Release|Any CPU
		{896571D9-254F-4CFA-B525-7140B12140AB}.Debug|Any CPU.ActiveCfg = Debug|Any CPU
		{896571D9-254F-4CFA-B525-7140B12140AB}.Debug|Any CPU.Build.0 = Debug|Any CPU
		{896571D9-254F-4CFA-B525-7140B12140AB}.Release|Any CPU.ActiveCfg = Release|Any CPU
		{896571D9-254F-4CFA-B525-7140B12140AB}.Release|Any CPU.Build.0 = Release|Any CPU
	EndGlobalSection
	GlobalSection(SolutionProperties) = preSolution
		HideSolutionNode = FALSE
	EndGlobalSection
	GlobalSection(ExtensibilityGlobals) = postSolution
		SolutionGuid = {0DDEDFAD-B71E-42B1-8567-C69BE0DED8B9}
	EndGlobalSection
EndGlobal
