
Microsoft Visual Studio Solution File, Format Version 12.00
# Visual Studio Version 16
VisualStudioVersion = 16.0.34301.259
MinimumVisualStudioVersion = 10.0.40219.1
Project("{FAE04EC0-301F-11D3-BF4B-00C04F79EFBC}") = "WpfCustomControlLibraryCharlie", "WpfCustomControlLibrary\WpfCustomControlLibraryCharlie.csproj", "{B97ED47F-D9C2-4A9C-A097-33DC8A969EB7}"
EndProject
Project("{FAE04EC0-301F-11D3-BF4B-00C04F79EFBC}") = "WpfApp", "WpfApp\WpfApp.csproj", "{4D2BC836-037D-45DC-859F-F086530793BC}"
EndProject
Global
	GlobalSection(SolutionConfigurationPlatforms) = preSolution
		Debug|Any CPU = Debug|Any CPU
		Release|Any CPU = Release|Any CPU
	EndGlobalSection
	GlobalSection(ProjectConfigurationPlatforms) = postSolution
		{B97ED47F-D9C2-4A9C-A097-33DC8A969EB7}.Debug|Any CPU.ActiveCfg = Debug|Any CPU
		{B97ED47F-D9C2-4A9C-A097-33DC8A969EB7}.Debug|Any CPU.Build.0 = Debug|Any CPU
		{B97ED47F-D9C2-4A9C-A097-33DC8A969EB7}.Release|Any CPU.ActiveCfg = Release|Any CPU
		{B97ED47F-D9C2-4A9C-A097-33DC8A969EB7}.Release|Any CPU.Build.0 = Release|Any CPU
		{4D2BC836-037D-45DC-859F-F086530793BC}.Debug|Any CPU.ActiveCfg = Debug|Any CPU
		{4D2BC836-037D-45DC-859F-F086530793BC}.Debug|Any CPU.Build.0 = Debug|Any CPU
		{4D2BC836-037D-45DC-859F-F086530793BC}.Release|Any CPU.ActiveCfg = Release|Any CPU
		{4D2BC836-037D-45DC-859F-F086530793BC}.Release|Any CPU.Build.0 = Release|Any CPU
	EndGlobalSection
	GlobalSection(SolutionProperties) = preSolution
		HideSolutionNode = FALSE
	EndGlobalSection
	GlobalSection(ExtensibilityGlobals) = postSolution
		SolutionGuid = {7318D177-48BF-450F-99D7-AB49CCBA0C07}
	EndGlobalSection
EndGlobal
